
Microsoft Visual Studio Solution File, Format Version 12.00
# Visual Studio Version 16
VisualStudioVersion = 16.0.29613.14
MinimumVisualStudioVersion = 10.0.40219.1
Project("{FAE04EC0-301F-11D3-BF4B-00C04F79EFBC}") = "Helloworld", "Helloworld\Helloworld.csproj", "{79FFE970-948E-4CA1-A74A-97463D8FF93B}"
EndProject
Global
	GlobalSection(SolutionConfigurationPlatforms) = preSolution
		Debug|Any CPU = Debug|Any CPU
		Release|Any CPU = Release|Any CPU
	EndGlobalSection
	GlobalSection(ProjectConfigurationPlatforms) = postSolution
		{79FFE970-948E-4CA1-A74A-97463D8FF93B}.Debug|Any CPU.ActiveCfg = Debug|Any CPU
		{79FFE970-948E-4CA1-A74A-97463D8FF93B}.Debug|Any CPU.Build.0 = Debug|Any CPU
		{79FFE970-948E-4CA1-A74A-97463D8FF93B}.Release|Any CPU.ActiveCfg = Release|Any CPU
		{79FFE970-948E-4CA1-A74A-97463D8FF93B}.Release|Any CPU.Build.0 = Release|Any CPU
	EndGlobalSection
	GlobalSection(SolutionProperties) = preSolution
		HideSolutionNode = FALSE
	EndGlobalSection
	GlobalSection(ExtensibilityGlobals) = postSolution
		SolutionGuid = {1D4FBC54-D350-49A0-AAE9-C3936A4843F2}
	EndGlobalSection
EndGlobal
